
Microsoft Visual Studio Solution File, Format Version 12.00
# Visual Studio Version 17
VisualStudioVersion = 17.14.36127.28 d17.14
MinimumVisualStudioVersion = 10.0.40219.1
Project("{FAE04EC0-301F-11D3-BF4B-00C04F79EFBC}") = "acheesporte-athlete-app", "acheesporte-athlete-app\acheesporte-athlete-app.csproj", "{92E45F31-4201-48DB-A023-F517BAFCB355}"
EndProject
Global
	GlobalSection(SolutionConfigurationPlatforms) = preSolution
		Debug|Any CPU = Debug|Any CPU
		Release|Any CPU = Release|Any CPU
	EndGlobalSection
	GlobalSection(ProjectConfigurationPlatforms) = postSolution
		{92E45F31-4201-48DB-A023-F517BAFCB355}.Debug|Any CPU.ActiveCfg = Debug|Any CPU
		{92E45F31-4201-48DB-A023-F517BAFCB355}.Debug|Any CPU.Build.0 = Debug|Any CPU
		{92E45F31-4201-48DB-A023-F517BAFCB355}.Release|Any CPU.ActiveCfg = Release|Any CPU
		{92E45F31-4201-48DB-A023-F517BAFCB355}.Release|Any CPU.Build.0 = Release|Any CPU
	EndGlobalSection
	GlobalSection(SolutionProperties) = preSolution
		HideSolutionNode = FALSE
	EndGlobalSection
	GlobalSection(ExtensibilityGlobals) = postSolution
		SolutionGuid = {07CCAB6B-A384-4E71-8D5D-7E1792861C76}
	EndGlobalSection
EndGlobal
